Microsoft Visual Studio Solution File, Format Version 12.00
# Visual Studio Version 17
VisualStudioVersion = 17.5.2.0
MinimumVisualStudioVersion = 10.0.40219.1
Project("{FAE04EC0-301F-11D3-BF4B-00C04F79EFBC}") = "AppTracNghiem", "AppTracNghiem.csproj", "{92CE7D8F-218B-FE0B-8AB0-F0A95BE473EE}"
EndProject
Global
	GlobalSection(SolutionConfigurationPlatforms) = preSolution
		Debug|Any CPU = Debug|Any CPU
		Release|Any CPU = Release|Any CPU
	EndGlobalSection
	GlobalSection(ProjectConfigurationPlatforms) = postSolution
		{92CE7D8F-218B-FE0B-8AB0-F0A95BE473EE}.Debug|Any CPU.ActiveCfg = Debug|Any CPU
		{92CE7D8F-218B-FE0B-8AB0-F0A95BE473EE}.Debug|Any CPU.Build.0 = Debug|Any CPU
		{92CE7D8F-218B-FE0B-8AB0-F0A95BE473EE}.Release|Any CPU.ActiveCfg = Release|Any CPU
		{92CE7D8F-218B-FE0B-8AB0-F0A95BE473EE}.Release|Any CPU.Build.0 = Release|Any CPU
	EndGlobalSection
	GlobalSection(SolutionProperties) = preSolution
		HideSolutionNode = FALSE
	EndGlobalSection
	GlobalSection(ExtensibilityGlobals) = postSolution
		SolutionGuid = {76AFEEE3-7987-4954-BBA6-DFAEF335ADDD}
	EndGlobalSection
EndGlobal
